
Microsoft Visual Studio Solution File, Format Version 12.00
# Visual Studio Version 16
VisualStudioVersion = 16.0.32901.82
MinimumVisualStudioVersion = 10.0.40219.1
Project("{FAE04EC0-301F-11D3-BF4B-00C04F79EFBC}") = "WindowsFormsApp1", "WindowsFormsApp1.csproj", "{FAD570AA-99BF-4A1E-991D-52DFC124C5B7}"
EndProject
Project("{FAE04EC0-301F-11D3-BF4B-00C04F79EFBC}") = "project1", "..\project1\project1\project1.csproj", "{216FD434-BB6B-4809-B007-9C9C7C514711}"
EndProject
Global
	GlobalSection(SolutionConfigurationPlatforms) = preSolution
		Debug|Any CPU = Debug|Any CPU
		Release|Any CPU = Release|Any CPU
	EndGlobalSection
	GlobalSection(ProjectConfigurationPlatforms) = postSolution
		{FAD570AA-99BF-4A1E-991D-52DFC124C5B7}.Debug|Any CPU.ActiveCfg = Debug|Any CPU
		{FAD570AA-99BF-4A1E-991D-52DFC124C5B7}.Debug|Any CPU.Build.0 = Debug|Any CPU
		{FAD570AA-99BF-4A1E-991D-52DFC124C5B7}.Release|Any CPU.ActiveCfg = Release|Any CPU
		{FAD570AA-99BF-4A1E-991D-52DFC124C5B7}.Release|Any CPU.Build.0 = Release|Any CPU
		{216FD434-BB6B-4809-B007-9C9C7C514711}.Debug|Any CPU.ActiveCfg = Debug|Any CPU
		{216FD434-BB6B-4809-B007-9C9C7C514711}.Debug|Any CPU.Build.0 = Debug|Any CPU
		{216FD434-BB6B-4809-B007-9C9C7C514711}.Release|Any CPU.ActiveCfg = Release|Any CPU
		{216FD434-BB6B-4809-B007-9C9C7C514711}.Release|Any CPU.Build.0 = Release|Any CPU
	EndGlobalSection
	GlobalSection(SolutionProperties) = preSolution
		HideSolutionNode = FALSE
	EndGlobalSection
	GlobalSection(ExtensibilityGlobals) = postSolution
		SolutionGuid = {FB0EEE75-9B1B-4CFC-B76C-457957DDD927}
	EndGlobalSection
EndGlobal
